{
  "nodes": {
    "flake-parts": {
      "inputs": {
        "nixpkgs-lib": "nixpkgs-lib"
      },
      "locked": {
        "lastModified": 1738453229,
        "narHash": "sha256-7H9XgNiGLKN1G1CgRh0vUL4AheZSYzPm+zmZ7vxbJdo=",
        "owner": "hercules-ci",
        "repo": "flake-parts",
        "rev": "32ea77a06711b758da0ad9bd6a844c5740a87abd",
        "type": "github"
      },
      "original": {
        "owner": "hercules-ci",
        "repo": "flake-parts",
        "type": "github"
      }
    },
    "haskell-flake": {
      "locked": {
        "lastModified": 1749105244,
        "narHash": "sha256-gV/B1PWOwpLjy2OCHMS/fJ8GItMRoflW/g3kXB8/skg=",
        "owner": "srid",
        "repo": "haskell-flake",
        "rev": "af2ba40f23824556b12d1cdfdf392e263876d644",
        "type": "github"
      },
      "original": {
        "owner": "srid",
        "repo": "haskell-flake",
        "type": "github"
      }
    },
    "haskell-tree-sitter": {
      "flake": false,
      "locked": {
        "lastModified": 1745474362,
        "narHash": "sha256-CkEvLKS6DejSJL4iMDKTNQkh9RgzPod6iWeHIavGidM=",
        "ref": "refs/heads/master",
        "rev": "6c0d9df9953fbd4eaa111310e80e1b0b55346e20",
        "revCount": 2056,
        "submodules": true,
        "type": "git",
        "url": "ssh://git@github.com/bglgwyng/haskell-tree-sitter"
      },
      "original": {
        "submodules": true,
        "type": "git",
        "url": "ssh://git@github.com/bglgwyng/haskell-tree-sitter"
      }
    },
    "hypertypes": {
      "flake": false,
      "locked": {
        "lastModified": 1736712348,
        "narHash": "sha256-t1iGRLUCv01gDeHjbWP8NyyLgXgaDW26BaCFlQ5R4NQ=",
        "owner": "lamdu",
        "repo": "hypertypes",
        "rev": "06cf48ef9c85c54cbe722a448754cb89931b23e7",
        "type": "github"
      },
      "original": {
        "owner": "lamdu",
        "repo": "hypertypes",
        "type": "github"
      }
    },
    "nixpkgs": {
      "locked": {
        "lastModified": 1739866667,
        "narHash": "sha256-EO1ygNKZlsAC9avfcwHkKGMsmipUk1Uc0TbrEZpkn64=",
        "owner": "NixOS",
        "repo": "nixpkgs",
        "rev": "73cf49b8ad837ade2de76f87eb53fc85ed5d4680",
        "type": "github"
      },
      "original": {
        "owner": "NixOS",
        "ref": "nixos-unstable",
        "repo": "nixpkgs",
        "type": "github"
      }
    },
    "nixpkgs-lib": {
      "locked": {
        "lastModified": 1738452942,
        "narHash": "sha256-vJzFZGaCpnmo7I6i416HaBLpC+hvcURh/BQwROcGIp8=",
        "type": "tarball",
        "url": "https://github.com/NixOS/nixpkgs/archive/072a6db25e947df2f31aab9eccd0ab75d5b2da11.tar.gz"
      },
      "original": {
        "type": "tarball",
        "url": "https://github.com/NixOS/nixpkgs/archive/072a6db25e947df2f31aab9eccd0ab75d5b2da11.tar.gz"
      }
    },
    "root": {
      "inputs": {
        "flake-parts": "flake-parts",
        "haskell-flake": "haskell-flake",
        "haskell-tree-sitter": "haskell-tree-sitter",
        "hypertypes": "hypertypes",
        "nixpkgs": "nixpkgs",
        "th-abstraction": "th-abstraction"
      }
    },
    "th-abstraction": {
      "flake": false,
      "locked": {
        "lastModified": 1690805448,
        "narHash": "sha256-HHcJQUAU8jNsMFWoHNobsfOC/XV1ZzjoJMjvHOOC58Y=",
        "owner": "glguy",
        "repo": "th-abstraction",
        "rev": "8130497fc938cbb96dac40047617aaa85911f9b5",
        "type": "github"
      },
      "original": {
        "owner": "glguy",
        "ref": "v0.6.0.0",
        "repo": "th-abstraction",
        "type": "github"
      }
    }
  },
  "root": "root",
  "version": 7
}
